
Microsoft Visual Studio Solution File, Format Version 12.00
# Visual Studio 14
VisualStudioVersion = 14.0.25420.1
MinimumVisualStudioVersion = 10.0.40219.1
Project("{FAE04EC0-301F-11D3-BF4B-00C04F79EFBC}") = "Projeto 1", "Projeto 1\Projeto 1.csproj", "{C5E8DBF2-54AD-4D65-AEC2-825FFF672611}"
EndProject
Global
	GlobalSection(SolutionConfigurationPlatforms) = preSolution
		Debug|Any CPU = Debug|Any CPU
		Release|Any CPU = Release|Any CPU
	EndGlobalSection
	GlobalSection(ProjectConfigurationPlatforms) = postSolution
		{C5E8DBF2-54AD-4D65-AEC2-825FFF672611}.Debug|Any CPU.ActiveCfg = Debug|Any CPU
		{C5E8DBF2-54AD-4D65-AEC2-825FFF672611}.Debug|Any CPU.Build.0 = Debug|Any CPU
		{C5E8DBF2-54AD-4D65-AEC2-825FFF672611}.Release|Any CPU.ActiveCfg = Release|Any CPU
		{C5E8DBF2-54AD-4D65-AEC2-825FFF672611}.Release|Any CPU.Build.0 = Release|Any CPU
	EndGlobalSection
	GlobalSection(SolutionProperties) = preSolution
		HideSolutionNode = FALSE
	EndGlobalSection
EndGlobal
